// !$*UTF8*$!
{
	archiveVersion = 1;
	classes = {
	};
	objectVersion = 51;
	objects = {

/* Begin PBXBuildFile section */
		008F78DDC0E31B1D2061B837 /* Pods_URLSessionProject.framework in Frameworks */ = {isa = PBXBuildFile; fileRef = 6A8C356875C22F9793AA9A31 /* Pods_URLSessionProject.framework */; };
		05158871259385C700368790 /* APIClient.swift in Sources */ = {isa = PBXBuildFile; fileRef = 05158870259385C700368790 /* APIClient.swift */; };
		051D740D2591264C005172AA /* AppDelegate.swift in Sources */ = {isa = PBXBuildFile; fileRef = 051D740C2591264C005172AA /* AppDelegate.swift */; };
		051D740F2591264C005172AA /* SceneDelegate.swift in Sources */ = {isa = PBXBuildFile; fileRef = 051D740E2591264C005172AA /* SceneDelegate.swift */; };
		051D74112591264C005172AA /* PostsViewController.swift in Sources */ = {isa = PBXBuildFile; fileRef = 051D74102591264C005172AA /* PostsViewController.swift */; };
		051D74142591264C005172AA /* Main.storyboard in Resources */ = {isa = PBXBuildFile; fileRef = 051D74122591264C005172AA /* Main.storyboard */; };
		051D74162591264D005172AA /* Assets.xcassets in Resources */ = {isa = PBXBuildFile; fileRef = 051D74152591264D005172AA /* Assets.xcassets */; };
		051D74192591264D005172AA /* LaunchScreen.storyboard in Resources */ = {isa = PBXBuildFile; fileRef = 051D74172591264D005172AA /* LaunchScreen.storyboard */; };
		051D742825912759005172AA /* Post.swift in Sources */ = {isa = PBXBuildFile; fileRef = 051D742725912759005172AA /* Post.swift */; };
		051D742C259127C4005172AA /* PostTableViewCell.swift in Sources */ = {isa = PBXBuildFile; fileRef = 051D742B259127C4005172AA /* PostTableViewCell.swift */; };
		0584118E25912C0200A79032 /* PostsService.swift in Sources */ = {isa = PBXBuildFile; fileRef = 0584118D25912C0200A79032 /* PostsService.swift */; };
		058411942592129200A79032 /* Constants.swift in Sources */ = {isa = PBXBuildFile; fileRef = 058411932592129200A79032 /* Constants.swift */; };
		0584119D2592312F00A79032 /* CommentTableViewCell.swift in Sources */ = {isa = PBXBuildFile; fileRef = 0584119C2592312F00A79032 /* CommentTableViewCell.swift */; };
		058411A12592324700A79032 /* CommentViewController.swift in Sources */ = {isa = PBXBuildFile; fileRef = 058411A02592324700A79032 /* CommentViewController.swift */; };
		058411A4259236A800A79032 /* Comment.swift in Sources */ = {isa = PBXBuildFile; fileRef = 058411A3259236A800A79032 /* Comment.swift */; };
		058411A825923E3000A79032 /* CommentsService.swift in Sources */ = {isa = PBXBuildFile; fileRef = 058411A725923E3000A79032 /* CommentsService.swift */; };
/* End PBXBuildFile section */

/* Begin PBXFileReference section */
		05158870259385C700368790 /* APIClient.swift */ = {isa = PBXFileReference; lastKnownFileType = sourcecode.swift; path = APIClient.swift; sourceTree = "<group>"; };
		051D74092591264C005172AA /* URLSessionProject.app */ = {isa = PBXFileReference; explicitFileType = wrapper.application; includeInIndex = 0; path = URLSessionProject.app; sourceTree = BUILT_PRODUCTS_DIR; };
		051D740C2591264C005172AA /* AppDelegate.swift */ = {isa = PBXFileReference; lastKnownFileType = sourcecode.swift; path = AppDelegate.swift; sourceTree = "<group>"; };
		051D740E2591264C005172AA /* SceneDelegate.swift */ = {isa = PBXFileReference; lastKnownFileType = sourcecode.swift; path = SceneDelegate.swift; sourceTree = "<group>"; };
		051D74102591264C005172AA /* PostsViewController.swift */ = {isa = PBXFileReference; lastKnownFileType = sourcecode.swift; path = PostsViewController.swift; sourceTree = "<group>"; };
		051D74132591264C005172AA /* Base */ = {isa = PBXFileReference; lastKnownFileType = file.storyboard; name = Base; path = Base.lproj/Main.storyboard; sourceTree = "<group>"; };
		051D74152591264D005172AA /* Assets.xcassets */ = {isa = PBXFileReference; lastKnownFileType = folder.assetcatalog; path = Assets.xcassets; sourceTree = "<group>"; };
		051D74182591264D005172AA /* Base */ = {isa = PBXFileReference; lastKnownFileType = file.storyboard; name = Base; path = Base.lproj/LaunchScreen.storyboard; sourceTree = "<group>"; };
		051D741A2591264D005172AA /* Info.plist */ = {isa = PBXFileReference; lastKnownFileType = text.plist.xml; path = Info.plist; sourceTree = "<group>"; };
		051D742725912759005172AA /* Post.swift */ = {isa = PBXFileReference; lastKnownFileType = sourcecode.swift; path = Post.swift; sourceTree = "<group>"; };
		051D742B259127C4005172AA /* PostTableViewCell.swift */ = {isa = PBXFileReference; lastKnownFileType = sourcecode.swift; path = PostTableViewCell.swift; sourceTree = "<group>"; };
		0584118D25912C0200A79032 /* PostsService.swift */ = {isa = PBXFileReference; lastKnownFileType = sourcecode.swift; path = PostsService.swift; sourceTree = "<group>"; };
		058411932592129200A79032 /* Constants.swift */ = {isa = PBXFileReference; lastKnownFileType = sourcecode.swift; path = Constants.swift; sourceTree = "<group>"; };
		058411972592227B00A79032 /* URLSession.playground */ = {isa = PBXFileReference; lastKnownFileType = file.playground; path = URLSession.playground; sourceTree = "<group>"; xcLanguageSpecificationIdentifier = xcode.lang.swift; };
		0584119C2592312F00A79032 /* CommentTableViewCell.swift */ = {isa = PBXFileReference; lastKnownFileType = sourcecode.swift; path = CommentTableViewCell.swift; sourceTree = "<group>"; };
		058411A02592324700A79032 /* CommentViewController.swift */ = {isa = PBXFileReference; lastKnownFileType = sourcecode.swift; path = CommentViewController.swift; sourceTree = "<group>"; };
		058411A3259236A800A79032 /* Comment.swift */ = {isa = PBXFileReference; lastKnownFileType = sourcecode.swift; path = Comment.swift; sourceTree = "<group>"; };
		058411A725923E3000A79032 /* CommentsService.swift */ = {isa = PBXFileReference; lastKnownFileType = sourcecode.swift; path = CommentsService.swift; sourceTree = "<group>"; };
		6A8C356875C22F9793AA9A31 /* Pods_URLSessionProject.framework */ = {isa = PBXFileReference; explicitFileType = wrapper.framework; includeInIndex = 0; path = Pods_URLSessionProject.framework; sourceTree = BUILT_PRODUCTS_DIR; };
		90D85CD41B125DB753B30C9D /* Pods-URLSessionProject.release.xcconfig */ = {isa = PBXFileReference; includeInIndex = 1; lastKnownFileType = text.xcconfig; name = "Pods-URLSessionProject.release.xcconfig"; path = "Target Support Files/Pods-URLSessionProject/Pods-URLSessionProject.release.xcconfig"; sourceTree = "<group>"; };
		AA734085E190E1A188135620 /* Pods-URLSessionProject.debug.xcconfig */ = {isa = PBXFileReference; includeInIndex = 1; lastKnownFileType = text.xcconfig; name = "Pods-URLSessionProject.debug.xcconfig"; path = "Target Support Files/Pods-URLSessionProject/Pods-URLSessionProject.debug.xcconfig"; sourceTree = "<group>"; };
/* End PBXFileReference section */

/* Begin PBXFrameworksBuildPhase section */
		051D74062591264C005172AA /* Frameworks */ = {
			isa = PBXFrameworksBuildPhase;
			buildActionMask = 2147483647;
			files = (
				008F78DDC0E31B1D2061B837 /* Pods_URLSessionProject.framework in Frameworks */,
			);
			runOnlyForDeploymentPostprocessing = 0;
		};
/* End PBXFrameworksBuildPhase section */

/* Begin PBXGroup section */
		051D74002591264C005172AA = {
			isa = PBXGroup;
			children = (
				058411972592227B00A79032 /* URLSession.playground */,
				051D740B2591264C005172AA /* URLSessionProject */,
				051D740A2591264C005172AA /* Products */,
				B9B12420291C68364F68F37C /* Pods */,
				313D69B9ED56C8D4F649FC4F /* Frameworks */,
			);
			sourceTree = "<group>";
		};
		051D740A2591264C005172AA /* Products */ = {
			isa = PBXGroup;
			children = (
				051D74092591264C005172AA /* URLSessionProject.app */,
			);
			name = Products;
			sourceTree = "<group>";
		};
		051D740B2591264C005172AA /* URLSessionProject */ = {
			isa = PBXGroup;
			children = (
				058411922592128900A79032 /* Utils */,
				051D742625912751005172AA /* Models */,
				051D742525912747005172AA /* Networking */,
				051D742425912741005172AA /* Features */,
				051D742125912654005172AA /* App */,
				051D74122591264C005172AA /* Main.storyboard */,
				051D74172591264D005172AA /* LaunchScreen.storyboard */,
				051D741A2591264D005172AA /* Info.plist */,
			);
			path = URLSessionProject;
			sourceTree = "<group>";
		};
		051D742125912654005172AA /* App */ = {
			isa = PBXGroup;
			children = (
				051D74152591264D005172AA /* Assets.xcassets */,
				051D740C2591264C005172AA /* AppDelegate.swift */,
				051D740E2591264C005172AA /* SceneDelegate.swift */,
			);
			path = App;
			sourceTree = "<group>";
		};
		051D742425912741005172AA /* Features */ = {
			isa = PBXGroup;
			children = (
				058411992592311600A79032 /* Comments */,
				051D742A259127AA005172AA /* Posts */,
			);
			path = Features;
			sourceTree = "<group>";
		};
		051D742525912747005172AA /* Networking */ = {
			isa = PBXGroup;
			children = (
				0584118C25912BF900A79032 /* Services */,
				05158870259385C700368790 /* APIClient.swift */,
			);
			path = Networking;
			sourceTree = "<group>";
		};
		051D742625912751005172AA /* Models */ = {
			isa = PBXGroup;
			children = (
				051D742725912759005172AA /* Post.swift */,
				058411A3259236A800A79032 /* Comment.swift */,
			);
			path = Models;
			sourceTree = "<group>";
		};
		051D742A259127AA005172AA /* Posts */ = {
			isa = PBXGroup;
			children = (
				051D74102591264C005172AA /* PostsViewController.swift */,
				051D742B259127C4005172AA /* PostTableViewCell.swift */,
			);
			path = Posts;
			sourceTree = "<group>";
		};
		0584118C25912BF900A79032 /* Services */ = {
			isa = PBXGroup;
			children = (
				0584118D25912C0200A79032 /* PostsService.swift */,
				058411A725923E3000A79032 /* CommentsService.swift */,
			);
			path = Services;
			sourceTree = "<group>";
		};
		058411922592128900A79032 /* Utils */ = {
			isa = PBXGroup;
			children = (
				058411932592129200A79032 /* Constants.swift */,
			);
			path = Utils;
			sourceTree = "<group>";
		};
		058411992592311600A79032 /* Comments */ = {
			isa = PBXGroup;
			children = (
				0584119C2592312F00A79032 /* CommentTableViewCell.swift */,
				058411A02592324700A79032 /* CommentViewController.swift */,
			);
			path = Comments;
			sourceTree = "<group>";
		};
		313D69B9ED56C8D4F649FC4F /* Frameworks */ = {
			isa = PBXGroup;
			children = (
				6A8C356875C22F9793AA9A31 /* Pods_URLSessionProject.framework */,
			);
			name = Frameworks;
			sourceTree = "<group>";
		};
		B9B12420291C68364F68F37C /* Pods */ = {
			isa = PBXGroup;
			children = (
				AA734085E190E1A188135620 /* Pods-URLSessionProject.debug.xcconfig */,
				90D85CD41B125DB753B30C9D /* Pods-URLSessionProject.release.xcconfig */,
			);
			path = Pods;
			sourceTree = "<group>";
		};
/* End PBXGroup section */

/* Begin PBXNativeTarget section */
		051D74082591264C005172AA /* URLSessionProject */ = {
			isa = PBXNativeTarget;
			buildConfigurationList = 051D741D2591264D005172AA /* Build configuration list for PBXNativeTarget "URLSessionProject" */;
			buildPhases = (
				7F0FA84206214676A00EFC16 /* [CP] Check Pods Manifest.lock */,
				051D74052591264C005172AA /* Sources */,
				051D74062591264C005172AA /* Frameworks */,
				051D74072591264C005172AA /* Resources */,
				203CDD9C24C2F3224CBE60E0 /* [CP] Embed Pods Frameworks */,
			);
			buildRules = (
			);
			dependencies = (
			);
			name = URLSessionProject;
			productName = URLSessionProject;
			productReference = 051D74092591264C005172AA /* URLSessionProject.app */;
			productType = "com.apple.product-type.application";
		};
/* End PBXNativeTarget section */

/* Begin PBXProject section */
		051D74012591264C005172AA /* Project object */ = {
			isa = PBXProject;
			attributes = {
				LastSwiftUpdateCheck = 1200;
				LastUpgradeCheck = 1200;
				TargetAttributes = {
					051D74082591264C005172AA = {
						CreatedOnToolsVersion = 12.0.1;
					};
				};
			};
			buildConfigurationList = 051D74042591264C005172AA /* Build configuration list for PBXProject "URLSessionProject" */;
			compatibilityVersion = "Xcode 9.3";
			developmentRegion = en;
			hasScannedForEncodings = 0;
			knownRegions = (
				en,
				Base,
			);
			mainGroup = 051D74002591264C005172AA;
			productRefGroup = 051D740A2591264C005172AA /* Products */;
			projectDirPath = "";
			projectRoot = "";
			targets = (
				051D74082591264C005172AA /* URLSessionProject */,
			);
		};
/* End PBXProject section */

/* Begin PBXResourcesBuildPhase section */
		051D74072591264C005172AA /* Resources */ = {
			isa = PBXResourcesBuildPhase;
			buildActionMask = 2147483647;
			files = (
				051D74192591264D005172AA /* LaunchScreen.storyboard in Resources */,
				051D74162591264D005172AA /* Assets.xcassets in Resources */,
				051D74142591264C005172AA /* Main.storyboard in Resources */,
			);
			runOnlyForDeploymentPostprocessing = 0;
		};
/* End PBXResourcesBuildPhase section */

/* Begin PBXShellScriptBuildPhase section */
		203CDD9C24C2F3224CBE60E0 /* [CP] Embed Pods Frameworks */ = {
			isa = PBXShellScriptBuildPhase;
			buildActionMask = 2147483647;
			files = (
			);
			inputFileListPaths = (
				"${PODS_ROOT}/Target Support Files/Pods-URLSessionProject/Pods-URLSessionProject-frameworks-${CONFIGURATION}-input-files.xcfilelist",
			);
			name = "[CP] Embed Pods Frameworks";
			outputFileListPaths = (
				"${PODS_ROOT}/Target Support Files/Pods-URLSessionProject/Pods-URLSessionProject-frameworks-${CONFIGURATION}-output-files.xcfilelist",
			);
			runOnlyForDeploymentPostprocessing = 0;
			shellPath = /bin/sh;
			shellScript = "\"${PODS_ROOT}/Target Support Files/Pods-URLSessionProject/Pods-URLSessionProject-frameworks.sh\"\n";
			showEnvVarsInLog = 0;
		};
		7F0FA84206214676A00EFC16 /* [CP] Check Pods Manifest.lock */ = {
			isa = PBXShellScriptBuildPhase;
			buildActionMask = 2147483647;
			files = (
			);
			inputFileListPaths = (
			);
			inputPaths = (
				"${PODS_PODFILE_DIR_PATH}/Podfile.lock",
				"${PODS_ROOT}/Manifest.lock",
			);
			name = "[CP] Check Pods Manifest.lock";
			outputFileListPaths = (
			);
			outputPaths = (
				"$(DERIVED_FILE_DIR)/Pods-URLSessionProject-checkManifestLockResult.txt",
			);
			runOnlyForDeploymentPostprocessing = 0;
			shellPath = /bin/sh;
			shellScript = "diff \"${PODS_PODFILE_DIR_PATH}/Podfile.lock\" \"${PODS_ROOT}/Manifest.lock\" > /dev/null\nif [ $? != 0 ] ; then\n    # print error to STDERR\n    echo \"error: The sandbox is not in sync with the Podfile.lock. Run 'pod install' or update your CocoaPods installation.\" >&2\n    exit 1\nfi\n# This output is used by Xcode 'outputs' to avoid re-running this script phase.\necho \"SUCCESS\" > \"${SCRIPT_OUTPUT_FILE_0}\"\n";
			showEnvVarsInLog = 0;
		};
/* End PBXShellScriptBuildPhase section */

/* Begin PBXSourcesBuildPhase section */
		051D74052591264C005172AA /* Sources */ = {
			isa = PBXSourcesBuildPhase;
			buildActionMask = 2147483647;
			files = (
				051D74112591264C005172AA /* PostsViewController.swift in Sources */,
				058411A825923E3000A79032 /* CommentsService.swift in Sources */,
				051D740D2591264C005172AA /* AppDelegate.swift in Sources */,
				051D742C259127C4005172AA /* PostTableViewCell.swift in Sources */,
				0584119D2592312F00A79032 /* CommentTableViewCell.swift in Sources */,
				051D740F2591264C005172AA /* SceneDelegate.swift in Sources */,
				058411A4259236A800A79032 /* Comment.swift in Sources */,
				058411942592129200A79032 /* Constants.swift in Sources */,
				051D742825912759005172AA /* Post.swift in Sources */,
				0584118E25912C0200A79032 /* PostsService.swift in Sources */,
				058411A12592324700A79032 /* CommentViewController.swift in Sources */,
				05158871259385C700368790 /* APIClient.swift in Sources */,
			);
			runOnlyForDeploymentPostprocessing = 0;
		};
/* End PBXSourcesBuildPhase section */

/* Begin PBXVariantGroup section */
		051D74122591264C005172AA /* Main.storyboard */ = {
			isa = PBXVariantGroup;
			children = (
				051D74132591264C005172AA /* Base */,
			);
			name = Main.storyboard;
			sourceTree = "<group>";
		};
		051D74172591264D005172AA /* LaunchScreen.storyboard */ = {
			isa = PBXVariantGroup;
			children = (
				051D74182591264D005172AA /* Base */,
			);
			name = LaunchScreen.storyboard;
			sourceTree = "<group>";
		};
/* End PBXVariantGroup section */

/* Begin XCBuildConfiguration section */
		051D741B2591264D005172AA /* Debug */ = {
			isa = XCBuildConfiguration;
			buildSettings = {
				ALWAYS_SEARCH_USER_PATHS = NO;
				CLANG_ANALYZER_NONNULL = YES;
				CLANG_ANALYZER_NUMBER_OBJECT_CONVERSION = YES_AGGRESSIVE;
				CLANG_CXX_LANGUAGE_STANDARD = "gnu++14";
				CLANG_CXX_LIBRARY = "libc++";
				CLANG_ENABLE_MODULES = YES;
				CLANG_ENABLE_OBJC_ARC = YES;
				CLANG_ENABLE_OBJC_WEAK = YES;
				CLANG_WARN_BLOCK_CAPTURE_AUTORELEASING = YES;
				CLANG_WARN_BOOL_CONVERSION = YES;
				CLANG_WARN_COMMA = YES;
				CLANG_WARN_CONSTANT_CONVERSION = YES;
				CLANG_WARN_DEPRECATED_OBJC_IMPLEMENTATIONS = YES;
				CLANG_WARN_DIRECT_OBJC_ISA_USAGE = YES_ERROR;
				CLANG_WARN_DOCUMENTATION_COMMENTS = YES;
				CLANG_WARN_EMPTY_BODY = YES;
				CLANG_WARN_ENUM_CONVERSION = YES;
				CLANG_WARN_INFINITE_RECURSION = YES;
				CLANG_WARN_INT_CONVERSION = YES;
				CLANG_WARN_NON_LITERAL_NULL_CONVERSION = YES;
				CLANG_WARN_OBJC_IMPLICIT_RETAIN_SELF = YES;
				CLANG_WARN_OBJC_LITERAL_CONVERSION = YES;
				CLANG_WARN_OBJC_ROOT_CLASS = YES_ERROR;
				CLANG_WARN_QUOTED_INCLUDE_IN_FRAMEWORK_HEADER = YES;
				CLANG_WARN_RANGE_LOOP_ANALYSIS = YES;
				CLANG_WARN_STRICT_PROTOTYPES = YES;
				CLANG_WARN_SUSPICIOUS_MOVE = YES;
				CLANG_WARN_UNGUARDED_AVAILABILITY = YES_AGGRESSIVE;
				CLANG_WARN_UNREACHABLE_CODE = YES;
				CLANG_WARN__DUPLICATE_METHOD_MATCH = YES;
				COPY_PHASE_STRIP = NO;
				DEBUG_INFORMATION_FORMAT = dwarf;
				ENABLE_STRICT_OBJC_MSGSEND = YES;
				ENABLE_TESTABILITY = YES;
				GCC_C_LANGUAGE_STANDARD = gnu11;
				GCC_DYNAMIC_NO_PIC = NO;
				GCC_NO_COMMON_BLOCKS = YES;
				GCC_OPTIMIZATION_LEVEL = 0;
				GCC_PREPROCESSOR_DEFINITIONS = (
					"DEBUG=1",
					"$(inherited)",
				);
				GCC_WARN_64_TO_32_BIT_CONVERSION = YES;
				GCC_WARN_ABOUT_RETURN_TYPE = YES_ERROR;
				GCC_WARN_UNDECLARED_SELECTOR = YES;
				GCC_WARN_UNINITIALIZED_AUTOS = YES_AGGRESSIVE;
				GCC_WARN_UNUSED_FUNCTION = YES;
				GCC_WARN_UNUSED_VARIABLE = YES;
				IPHONEOS_DEPLOYMENT_TARGET = 14.0;
				MTL_ENABLE_DEBUG_INFO = INCLUDE_SOURCE;
				MTL_FAST_MATH = YES;
				ONLY_ACTIVE_ARCH = YES;
				SDKROOT = iphoneos;
				SWIFT_ACTIVE_COMPILATION_CONDITIONS = DEBUG;
				SWIFT_OPTIMIZATION_LEVEL = "-Onone";
			};
			name = Debug;
		};
		051D741C2591264D005172AA /* Release */ = {
			isa = XCBuildConfiguration;
			buildSettings = {
				ALWAYS_SEARCH_USER_PATHS = NO;
				CLANG_ANALYZER_NONNULL = YES;
				CLANG_ANALYZER_NUMBER_OBJECT_CONVERSION = YES_AGGRESSIVE;
				CLANG_CXX_LANGUAGE_STANDARD = "gnu++14";
				CLANG_CXX_LIBRARY = "libc++";
				CLANG_ENABLE_MODULES = YES;
				CLANG_ENABLE_OBJC_ARC = YES;
				CLANG_ENABLE_OBJC_WEAK = YES;
				CLANG_WARN_BLOCK_CAPTURE_AUTORELEASING = YES;
				CLANG_WARN_BOOL_CONVERSION = YES;
				CLANG_WARN_COMMA = YES;
				CLANG_WARN_CONSTANT_CONVERSION = YES;
				CLANG_WARN_DEPRECATED_OBJC_IMPLEMENTATIONS = YES;
				CLANG_WARN_DIRECT_OBJC_ISA_USAGE = YES_ERROR;
				CLANG_WARN_DOCUMENTATION_COMMENTS = YES;
				CLANG_WARN_EMPTY_BODY = YES;
				CLANG_WARN_ENUM_CONVERSION = YES;
				CLANG_WARN_INFINITE_RECURSION = YES;
				CLANG_WARN_INT_CONVERSION = YES;
				CLANG_WARN_NON_LITERAL_NULL_CONVERSION = YES;
				CLANG_WARN_OBJC_IMPLICIT_RETAIN_SELF = YES;
				CLANG_WARN_OBJC_LITERAL_CONVERSION = YES;
				CLANG_WARN_OBJC_ROOT_CLASS = YES_ERROR;
				CLANG_WARN_QUOTED_INCLUDE_IN_FRAMEWORK_HEADER = YES;
				CLANG_WARN_RANGE_LOOP_ANALYSIS = YES;
				CLANG_WARN_STRICT_PROTOTYPES = YES;
				CLANG_WARN_SUSPICIOUS_MOVE = YES;
				CLANG_WARN_UNGUARDED_AVAILABILITY = YES_AGGRESSIVE;
				CLANG_WARN_UNREACHABLE_CODE = YES;
				CLANG_WARN__DUPLICATE_METHOD_MATCH = YES;
				COPY_PHASE_STRIP = NO;
				DEBUG_INFORMATION_FORMAT = "dwarf-with-dsym";
				ENABLE_NS_ASSERTIONS = NO;
				ENABLE_STRICT_OBJC_MSGSEND = YES;
				GCC_C_LANGUAGE_STANDARD = gnu11;
				GCC_NO_COMMON_BLOCKS = YES;
				GCC_WARN_64_TO_32_BIT_CONVERSION = YES;
				GCC_WARN_ABOUT_RETURN_TYPE = YES_ERROR;
				GCC_WARN_UNDECLARED_SELECTOR = YES;
				GCC_WARN_UNINITIALIZED_AUTOS = YES_AGGRESSIVE;
				GCC_WARN_UNUSED_FUNCTION = YES;
				GCC_WARN_UNUSED_VARIABLE = YES;
				IPHONEOS_DEPLOYMENT_TARGET = 14.0;
				MTL_ENABLE_DEBUG_INFO = NO;
				MTL_FAST_MATH = YES;
				SDKROOT = iphoneos;
				SWIFT_COMPILATION_MODE = wholemodule;
				SWIFT_OPTIMIZATION_LEVEL = "-O";
				VALIDATE_PRODUCT = YES;
			};
			name = Release;
		};
		051D741E2591264D005172AA /* Debug */ = {
			isa = XCBuildConfiguration;
			baseConfigurationReference = AA734085E190E1A188135620 /* Pods-URLSessionProject.debug.xcconfig */;
			buildSettings = {
				ASSETCATALOG_COMPILER_APPICON_NAME = AppIcon;
				ASSETCATALOG_COMPILER_GLOBAL_ACCENT_COLOR_NAME = AccentColor;
				CODE_SIGN_STYLE = Automatic;
				DEVELOPMENT_TEAM = S9H59325F8;
				INFOPLIST_FILE = URLSessionProject/Info.plist;
				LD_RUNPATH_SEARCH_PATHS = (
					"$(inherited)",
					"@executable_path/Frameworks",
				);
				PRODUCT_BUNDLE_IDENTIFIER = com.marcelosj.URLSessionProject;
				PRODUCT_NAME = "$(TARGET_NAME)";
				SWIFT_VERSION = 5.0;
				TARGETED_DEVICE_FAMILY = "1,2";
			};
			name = Debug;
		};
		051D741F2591264D005172AA /* Release */ = {
			isa = XCBuildConfiguration;
			baseConfigurationReference = 90D85CD41B125DB753B30C9D /* Pods-URLSessionProject.release.xcconfig */;
			buildSettings = {
				ASSETCATALOG_COMPILER_APPICON_NAME = AppIcon;
				ASSETCATALOG_COMPILER_GLOBAL_ACCENT_COLOR_NAME = AccentColor;
				CODE_SIGN_STYLE = Automatic;
				DEVELOPMENT_TEAM = S9H59325F8;
				INFOPLIST_FILE = URLSessionProject/Info.plist;
				LD_RUNPATH_SEARCH_PATHS = (
					"$(inherited)",
					"@executable_path/Frameworks",
				);
				PRODUCT_BUNDLE_IDENTIFIER = com.marcelosj.URLSessionProject;
				PRODUCT_NAME = "$(TARGET_NAME)";
				SWIFT_VERSION = 5.0;
				TARGETED_DEVICE_FAMILY = "1,2";
			};
			name = Release;
		};
/* End XCBuildConfiguration section */

/* Begin XCConfigurationList section */
		051D74042591264C005172AA /* Build configuration list for PBXProject "URLSessionProject" */ = {
			isa = XCConfigurationList;
			buildConfigurations = (
				051D741B2591264D005172AA /* Debug */,
				051D741C2591264D005172AA /* Release */,
			);
			defaultConfigurationIsVisible = 0;
			defaultConfigurationName = Release;
		};
		051D741D2591264D005172AA /* Build configuration list for PBXNativeTarget "URLSessionProject" */ = {
			isa = XCConfigurationList;
			buildConfigurations = (
				051D741E2591264D005172AA /* Debug */,
				051D741F2591264D005172AA /* Release */,
			);
			defaultConfigurationIsVisible = 0;
			defaultConfigurationName = Release;
		};
/* End XCConfigurationList section */
	};
	rootObject = 051D74012591264C005172AA /* Project object */;
}
